
Microsoft Visual Studio Solution File, Format Version 12.00
# Visual Studio Version 17
VisualStudioVersion = 17.2.32616.157
MinimumVisualStudioVersion = 10.0.40219.1
Project("{9A19103F-16F7-4668-BE54-9A1E7A4F7556}") = "Parcel.Neo.Base", "Parcel.Neo.Base\Parcel.Neo.Base.csproj", "{E5D16B50-136C-4090-BF3B-4AE8A153FC60}"
EndProject
Project("{9A19103F-16F7-4668-BE54-9A1E7A4F7556}") = "Parcel.Neo", "Parcel.Neo\Parcel.Neo.csproj", "{BB8F74E6-9367-4F92-81E8-279F2E65A663}"
EndProject
Project("{2150E333-8FDC-42A3-9474-1A3956D46DE8}") = "Core", "Core", "{48C66019-D9A3-4B7B-8E57-E43E46E3F64A}"
EndProject
Project("{2150E333-8FDC-42A3-9474-1A3956D46DE8}") = "Frontend", "Frontend", "{87BB2BEA-F757-4B4D-8C13-44061E834A86}"
EndProject
Project("{2150E333-8FDC-42A3-9474-1A3956D46DE8}") = "Solution Items", "Solution Items", "{AEA911E0-CC55-4A59-8655-1B5177D74E74}"
	ProjectSection(SolutionItems) = preProject
		README.md = README.md
	EndProjectSection
EndProject
Project("{9A19103F-16F7-4668-BE54-9A1E7A4F7556}") = "Parcel.CoreEngine", "..\..\Parcel_NExT\C#\Parcel.NExT\CoreEngines\Parcel.CoreEngine\Parcel.CoreEngine.csproj", "{0FE0C992-296D-4037-9B23-8FC62EFAAF5D}"
EndProject
Project("{9A19103F-16F7-4668-BE54-9A1E7A4F7556}") = "Parcel.CoreEngine.Service", "..\..\Parcel_NExT\C#\Parcel.NExT\CoreEngines\Parcel.CoreEngine.Service\Parcel.CoreEngine.Service.csproj", "{3B03C45F-C115-4BCA-AA92-FD0261419B2F}"
EndProject
Project("{9A19103F-16F7-4668-BE54-9A1E7A4F7556}") = "Parcel.NExT.Interpreter", "..\..\Parcel_NExT\C#\Parcel.NExT\CoreEngines\Parcel.NExT.Interpreter\Parcel.NExT.Interpreter.csproj", "{0CFB55F3-79FA-4A6B-89EA-C59DF8E153E0}"
EndProject
Project("{9A19103F-16F7-4668-BE54-9A1E7A4F7556}") = "Parcel.DataGrid", "..\..\Parcel_NExT\C#\Parcel.NExT\Packages\Parcel.DataGrid\Parcel.DataGrid.csproj", "{7BC94C63-BB8D-4EF4-A2EE-B4155EDF9853}"
EndProject
Project("{2150E333-8FDC-42A3-9474-1A3956D46DE8}") = "Packages", "Packages", "{3AC0E0B1-BC65-4389-B9D7-1F423F80DF9A}"
EndProject
Project("{9A19103F-16F7-4668-BE54-9A1E7A4F7556}") = "Parcel.Generators", "..\..\Parcel_NExT\C#\Parcel.NExT\Packages\Parcel.Generators\Parcel.Generators.csproj", "{55F0BE31-37E6-49A3-AA95-FF9968D6D069}"
EndProject
Project("{9A19103F-16F7-4668-BE54-9A1E7A4F7556}") = "Parcel.Plots", "..\..\Parcel_NExT\C#\Parcel.NExT\Packages\Parcel.Plots\Parcel.Plots.csproj", "{305C61EE-3875-4C69-B527-AEACF58CFB3C}"
EndProject
Project("{9A19103F-16F7-4668-BE54-9A1E7A4F7556}") = "Parcel.Vector", "..\..\Parcel_NExT\C#\Parcel.NExT\Packages\Parcel.Vector\Parcel.Vector.csproj", "{6B95ECDB-5B41-481D-9FAD-CB54BB1B39C0}"
EndProject
Project("{9A19103F-16F7-4668-BE54-9A1E7A4F7556}") = "Parcel.NExT.Python", "..\..\Parcel_NExT\C#\Parcel.NExT\CoreEngines\Parcel.NExT.Python\Parcel.NExT.Python.csproj", "{B7E641F8-4AEE-46F6-B6AF-22AB024649BB}"
EndProject
Global
	GlobalSection(SolutionConfigurationPlatforms) = preSolution
		Debug|Any CPU = Debug|Any CPU
		Release|Any CPU = Release|Any CPU
	EndGlobalSection
	GlobalSection(ProjectConfigurationPlatforms) = postSolution
		{E5D16B50-136C-4090-BF3B-4AE8A153FC60}.Debug|Any CPU.ActiveCfg = Debug|Any CPU
		{E5D16B50-136C-4090-BF3B-4AE8A153FC60}.Debug|Any CPU.Build.0 = Debug|Any CPU
		{E5D16B50-136C-4090-BF3B-4AE8A153FC60}.Release|Any CPU.ActiveCfg = Release|Any CPU
		{E5D16B50-136C-4090-BF3B-4AE8A153FC60}.Release|Any CPU.Build.0 = Release|Any CPU
		{BB8F74E6-9367-4F92-81E8-279F2E65A663}.Debug|Any CPU.ActiveCfg = Debug|Any CPU
		{BB8F74E6-9367-4F92-81E8-279F2E65A663}.Debug|Any CPU.Build.0 = Debug|Any CPU
		{BB8F74E6-9367-4F92-81E8-279F2E65A663}.Release|Any CPU.ActiveCfg = Release|Any CPU
		{BB8F74E6-9367-4F92-81E8-279F2E65A663}.Release|Any CPU.Build.0 = Release|Any CPU
		{0FE0C992-296D-4037-9B23-8FC62EFAAF5D}.Debug|Any CPU.ActiveCfg = Debug|Any CPU
		{0FE0C992-296D-4037-9B23-8FC62EFAAF5D}.Debug|Any CPU.Build.0 = Debug|Any CPU
		{0FE0C992-296D-4037-9B23-8FC62EFAAF5D}.Release|Any CPU.ActiveCfg = Release|Any CPU
		{0FE0C992-296D-4037-9B23-8FC62EFAAF5D}.Release|Any CPU.Build.0 = Release|Any CPU
		{3B03C45F-C115-4BCA-AA92-FD0261419B2F}.Debug|Any CPU.ActiveCfg = Debug|Any CPU
		{3B03C45F-C115-4BCA-AA92-FD0261419B2F}.Debug|Any CPU.Build.0 = Debug|Any CPU
		{3B03C45F-C115-4BCA-AA92-FD0261419B2F}.Release|Any CPU.ActiveCfg = Release|Any CPU
		{3B03C45F-C115-4BCA-AA92-FD0261419B2F}.Release|Any CPU.Build.0 = Release|Any CPU
		{0CFB55F3-79FA-4A6B-89EA-C59DF8E153E0}.Debug|Any CPU.ActiveCfg = Debug|Any CPU
		{0CFB55F3-79FA-4A6B-89EA-C59DF8E153E0}.Debug|Any CPU.Build.0 = Debug|Any CPU
		{0CFB55F3-79FA-4A6B-89EA-C59DF8E153E0}.Release|Any CPU.ActiveCfg = Release|Any CPU
		{0CFB55F3-79FA-4A6B-89EA-C59DF8E153E0}.Release|Any CPU.Build.0 = Release|Any CPU
		{7BC94C63-BB8D-4EF4-A2EE-B4155EDF9853}.Debug|Any CPU.ActiveCfg = Debug|Any CPU
		{7BC94C63-BB8D-4EF4-A2EE-B4155EDF9853}.Debug|Any CPU.Build.0 = Debug|Any CPU
		{7BC94C63-BB8D-4EF4-A2EE-B4155EDF9853}.Release|Any CPU.ActiveCfg = Release|Any CPU
		{7BC94C63-BB8D-4EF4-A2EE-B4155EDF9853}.Release|Any CPU.Build.0 = Release|Any CPU
		{55F0BE31-37E6-49A3-AA95-FF9968D6D069}.Debug|Any CPU.ActiveCfg = Debug|Any CPU
		{55F0BE31-37E6-49A3-AA95-FF9968D6D069}.Debug|Any CPU.Build.0 = Debug|Any CPU
		{55F0BE31-37E6-49A3-AA95-FF9968D6D069}.Release|Any CPU.ActiveCfg = Release|Any CPU
		{55F0BE31-37E6-49A3-AA95-FF9968D6D069}.Release|Any CPU.Build.0 = Release|Any CPU
		{305C61EE-3875-4C69-B527-AEACF58CFB3C}.Debug|Any CPU.ActiveCfg = Debug|Any CPU
		{305C61EE-3875-4C69-B527-AEACF58CFB3C}.Debug|Any CPU.Build.0 = Debug|Any CPU
		{305C61EE-3875-4C69-B527-AEACF58CFB3C}.Release|Any CPU.ActiveCfg = Release|Any CPU
		{305C61EE-3875-4C69-B527-AEACF58CFB3C}.Release|Any CPU.Build.0 = Release|Any CPU
		{6B95ECDB-5B41-481D-9FAD-CB54BB1B39C0}.Debug|Any CPU.ActiveCfg = Debug|Any CPU
		{6B95ECDB-5B41-481D-9FAD-CB54BB1B39C0}.Debug|Any CPU.Build.0 = Debug|Any CPU
		{6B95ECDB-5B41-481D-9FAD-CB54BB1B39C0}.Release|Any CPU.ActiveCfg = Release|Any CPU
		{6B95ECDB-5B41-481D-9FAD-CB54BB1B39C0}.Release|Any CPU.Build.0 = Release|Any CPU
		{B7E641F8-4AEE-46F6-B6AF-22AB024649BB}.Debug|Any CPU.ActiveCfg = Debug|Any CPU
		{B7E641F8-4AEE-46F6-B6AF-22AB024649BB}.Debug|Any CPU.Build.0 = Debug|Any CPU
		{B7E641F8-4AEE-46F6-B6AF-22AB024649BB}.Release|Any CPU.ActiveCfg = Release|Any CPU
		{B7E641F8-4AEE-46F6-B6AF-22AB024649BB}.Release|Any CPU.Build.0 = Release|Any CPU
	EndGlobalSection
	GlobalSection(SolutionProperties) = preSolution
		HideSolutionNode = FALSE
	EndGlobalSection
	GlobalSection(NestedProjects) = preSolution
		{E5D16B50-136C-4090-BF3B-4AE8A153FC60} = {48C66019-D9A3-4B7B-8E57-E43E46E3F64A}
		{BB8F74E6-9367-4F92-81E8-279F2E65A663} = {87BB2BEA-F757-4B4D-8C13-44061E834A86}
		{0FE0C992-296D-4037-9B23-8FC62EFAAF5D} = {48C66019-D9A3-4B7B-8E57-E43E46E3F64A}
		{3B03C45F-C115-4BCA-AA92-FD0261419B2F} = {48C66019-D9A3-4B7B-8E57-E43E46E3F64A}
		{0CFB55F3-79FA-4A6B-89EA-C59DF8E153E0} = {48C66019-D9A3-4B7B-8E57-E43E46E3F64A}
		{7BC94C63-BB8D-4EF4-A2EE-B4155EDF9853} = {48C66019-D9A3-4B7B-8E57-E43E46E3F64A}
		{55F0BE31-37E6-49A3-AA95-FF9968D6D069} = {3AC0E0B1-BC65-4389-B9D7-1F423F80DF9A}
		{305C61EE-3875-4C69-B527-AEACF58CFB3C} = {3AC0E0B1-BC65-4389-B9D7-1F423F80DF9A}
		{6B95ECDB-5B41-481D-9FAD-CB54BB1B39C0} = {3AC0E0B1-BC65-4389-B9D7-1F423F80DF9A}
		{B7E641F8-4AEE-46F6-B6AF-22AB024649BB} = {48C66019-D9A3-4B7B-8E57-E43E46E3F64A}
	EndGlobalSection
	GlobalSection(ExtensibilityGlobals) = postSolution
		SolutionGuid = {02467E9F-99F1-4DF1-9F95-B88C4DA6051D}
	EndGlobalSection
EndGlobal
